
Microsoft Visual Studio Solution File, Format Version 12.00
# Visual Studio Version 16
VisualStudioVersion = 16.0.31727.386
MinimumVisualStudioVersion = 10.0.40219.1
Project("{2150E333-8FDC-42A3-9474-1A3956D46DE8}") = "Frontend", "Frontend", "{98788EA2-2366-4A88-AF24-45E2263EAB73}"
EndProject
Project("{2150E333-8FDC-42A3-9474-1A3956D46DE8}") = "Backend", "Backend", "{8A98A9C1-A8E1-415F-B409-C45E9ED52D8A}"
EndProject
Project("{2150E333-8FDC-42A3-9474-1A3956D46DE8}") = "Shared", "Shared", "{1FA48C25-1FC5-44AB-9C03-02FB4AAA1CFA}"
EndProject
Project("{2150E333-8FDC-42A3-9474-1A3956D46DE8}") = "Others", "Others", "{DCF072B9-E886-482E-9953-BC182FA23A12}"
	ProjectSection(SolutionItems) = preProject
		.gitignore = .gitignore
		pizza.jpg = pizza.jpg
	EndProjectSection
EndProject
Project("{9A19103F-16F7-4668-BE54-9A1E7A4F7556}") = "D2P0JX_SG1_21_22_2.Test", "D2P0JX_SG1_21_22_2.Test\D2P0JX_SG1_21_22_2.Test.csproj", "{C1592C7D-AB04-4C88-BEBE-2F9949589D8D}"
EndProject
Project("{9A19103F-16F7-4668-BE54-9A1E7A4F7556}") = "D2P0JX_SG1_21_22_2.Endpoint", "D2P0JX_SG1_21_22_2.Endpoint\D2P0JX_SG1_21_22_2.Endpoint.csproj", "{611BD5B2-9A77-4D58-B7D9-A6305602A200}"
EndProject
Project("{9A19103F-16F7-4668-BE54-9A1E7A4F7556}") = "D2P0JX_SG1_21_22_2.Data", "D2P0JX_SG1_21_22_2.Data\D2P0JX_SG1_21_22_2.Data.csproj", "{77EE65CC-D9ED-496A-B6D5-60E104768FB3}"
EndProject
Project("{9A19103F-16F7-4668-BE54-9A1E7A4F7556}") = "D2P0JX_SG1_21_22_2.Repository", "D2P0JX_SG1_21_22_2.Repository\D2P0JX_SG1_21_22_2.Repository.csproj", "{46C4714E-72E2-419F-9B76-9F68E7E30450}"
EndProject
Project("{9A19103F-16F7-4668-BE54-9A1E7A4F7556}") = "D2P0JX_SG1_21_22_2.Logic", "D2P0JX_SG1_21_22_2.Logic\D2P0JX_SG1_21_22_2.Logic.csproj", "{A69E3807-5DC3-4A76-8348-09749E98B468}"
EndProject
Project("{9A19103F-16F7-4668-BE54-9A1E7A4F7556}") = "D2P0JX_SG1_21_22_2.Models", "D2P0JX_SG1_21_22_2.Models\D2P0JX_SG1_21_22_2.Models.csproj", "{0F53D22F-DEF7-439D-871E-214621ED5A37}"
EndProject
Project("{9A19103F-16F7-4668-BE54-9A1E7A4F7556}") = "D2P0JX_SG1_21_22_2.Client", "D2P0JX_SG1_21_22_2.Client\D2P0JX_SG1_21_22_2.Client.csproj", "{064C0713-71C1-4297-A7F2-929FF121DD24}"
EndProject
Project("{9A19103F-16F7-4668-BE54-9A1E7A4F7556}") = "D2P0JX_SG1_21_22_2.WpfClient", "D2P0JX_SG1_21_22_2.WpfClient\D2P0JX_SG1_21_22_2.WpfClient.csproj", "{32598B0F-071A-46A8-A752-7876B11D66E7}"
EndProject
Project("{9A19103F-16F7-4668-BE54-9A1E7A4F7556}") = "D2P0JX_SG1_21_22_2.Web", "D2P0JX_SG1_21_22_2.Web\D2P0JX_SG1_21_22_2.Web.csproj", "{AE95940D-D9AA-43A1-AA7A-4E9C38319FE6}"
EndProject
Global
	GlobalSection(SolutionConfigurationPlatforms) = preSolution
		Debug|Any CPU = Debug|Any CPU
		Release|Any CPU = Release|Any CPU
	EndGlobalSection
	GlobalSection(ProjectConfigurationPlatforms) = postSolution
		{C1592C7D-AB04-4C88-BEBE-2F9949589D8D}.Debug|Any CPU.ActiveCfg = Debug|Any CPU
		{C1592C7D-AB04-4C88-BEBE-2F9949589D8D}.Debug|Any CPU.Build.0 = Debug|Any CPU
		{C1592C7D-AB04-4C88-BEBE-2F9949589D8D}.Release|Any CPU.ActiveCfg = Release|Any CPU
		{C1592C7D-AB04-4C88-BEBE-2F9949589D8D}.Release|Any CPU.Build.0 = Release|Any CPU
		{611BD5B2-9A77-4D58-B7D9-A6305602A200}.Debug|Any CPU.ActiveCfg = Debug|Any CPU
		{611BD5B2-9A77-4D58-B7D9-A6305602A200}.Debug|Any CPU.Build.0 = Debug|Any CPU
		{611BD5B2-9A77-4D58-B7D9-A6305602A200}.Release|Any CPU.ActiveCfg = Release|Any CPU
		{611BD5B2-9A77-4D58-B7D9-A6305602A200}.Release|Any CPU.Build.0 = Release|Any CPU
		{77EE65CC-D9ED-496A-B6D5-60E104768FB3}.Debug|Any CPU.ActiveCfg = Debug|Any CPU
		{77EE65CC-D9ED-496A-B6D5-60E104768FB3}.Debug|Any CPU.Build.0 = Debug|Any CPU
		{77EE65CC-D9ED-496A-B6D5-60E104768FB3}.Release|Any CPU.ActiveCfg = Release|Any CPU
		{77EE65CC-D9ED-496A-B6D5-60E104768FB3}.Release|Any CPU.Build.0 = Release|Any CPU
		{46C4714E-72E2-419F-9B76-9F68E7E30450}.Debug|Any CPU.ActiveCfg = Debug|Any CPU
		{46C4714E-72E2-419F-9B76-9F68E7E30450}.Debug|Any CPU.Build.0 = Debug|Any CPU
		{46C4714E-72E2-419F-9B76-9F68E7E30450}.Release|Any CPU.ActiveCfg = Release|Any CPU
		{46C4714E-72E2-419F-9B76-9F68E7E30450}.Release|Any CPU.Build.0 = Release|Any CPU
		{A69E3807-5DC3-4A76-8348-09749E98B468}.Debug|Any CPU.ActiveCfg = Debug|Any CPU
		{A69E3807-5DC3-4A76-8348-09749E98B468}.Debug|Any CPU.Build.0 = Debug|Any CPU
		{A69E3807-5DC3-4A76-8348-09749E98B468}.Release|Any CPU.ActiveCfg = Release|Any CPU
		{A69E3807-5DC3-4A76-8348-09749E98B468}.Release|Any CPU.Build.0 = Release|Any CPU
		{0F53D22F-DEF7-439D-871E-214621ED5A37}.Debug|Any CPU.ActiveCfg = Debug|Any CPU
		{0F53D22F-DEF7-439D-871E-214621ED5A37}.Debug|Any CPU.Build.0 = Debug|Any CPU
		{0F53D22F-DEF7-439D-871E-214621ED5A37}.Release|Any CPU.ActiveCfg = Release|Any CPU
		{0F53D22F-DEF7-439D-871E-214621ED5A37}.Release|Any CPU.Build.0 = Release|Any CPU
		{064C0713-71C1-4297-A7F2-929FF121DD24}.Debug|Any CPU.ActiveCfg = Debug|Any CPU
		{064C0713-71C1-4297-A7F2-929FF121DD24}.Debug|Any CPU.Build.0 = Debug|Any CPU
		{064C0713-71C1-4297-A7F2-929FF121DD24}.Release|Any CPU.ActiveCfg = Release|Any CPU
		{064C0713-71C1-4297-A7F2-929FF121DD24}.Release|Any CPU.Build.0 = Release|Any CPU
		{32598B0F-071A-46A8-A752-7876B11D66E7}.Debug|Any CPU.ActiveCfg = Debug|Any CPU
		{32598B0F-071A-46A8-A752-7876B11D66E7}.Debug|Any CPU.Build.0 = Debug|Any CPU
		{32598B0F-071A-46A8-A752-7876B11D66E7}.Release|Any CPU.ActiveCfg = Release|Any CPU
		{32598B0F-071A-46A8-A752-7876B11D66E7}.Release|Any CPU.Build.0 = Release|Any CPU
		{AE95940D-D9AA-43A1-AA7A-4E9C38319FE6}.Debug|Any CPU.ActiveCfg = Debug|Any CPU
		{AE95940D-D9AA-43A1-AA7A-4E9C38319FE6}.Debug|Any CPU.Build.0 = Debug|Any CPU
		{AE95940D-D9AA-43A1-AA7A-4E9C38319FE6}.Release|Any CPU.ActiveCfg = Release|Any CPU
		{AE95940D-D9AA-43A1-AA7A-4E9C38319FE6}.Release|Any CPU.Build.0 = Release|Any CPU
	EndGlobalSection
	GlobalSection(SolutionProperties) = preSolution
		HideSolutionNode = FALSE
	EndGlobalSection
	GlobalSection(NestedProjects) = preSolution
		{C1592C7D-AB04-4C88-BEBE-2F9949589D8D} = {8A98A9C1-A8E1-415F-B409-C45E9ED52D8A}
		{611BD5B2-9A77-4D58-B7D9-A6305602A200} = {8A98A9C1-A8E1-415F-B409-C45E9ED52D8A}
		{77EE65CC-D9ED-496A-B6D5-60E104768FB3} = {8A98A9C1-A8E1-415F-B409-C45E9ED52D8A}
		{46C4714E-72E2-419F-9B76-9F68E7E30450} = {8A98A9C1-A8E1-415F-B409-C45E9ED52D8A}
		{A69E3807-5DC3-4A76-8348-09749E98B468} = {8A98A9C1-A8E1-415F-B409-C45E9ED52D8A}
		{0F53D22F-DEF7-439D-871E-214621ED5A37} = {1FA48C25-1FC5-44AB-9C03-02FB4AAA1CFA}
		{064C0713-71C1-4297-A7F2-929FF121DD24} = {98788EA2-2366-4A88-AF24-45E2263EAB73}
		{32598B0F-071A-46A8-A752-7876B11D66E7} = {98788EA2-2366-4A88-AF24-45E2263EAB73}
		{AE95940D-D9AA-43A1-AA7A-4E9C38319FE6} = {98788EA2-2366-4A88-AF24-45E2263EAB73}
	EndGlobalSection
	GlobalSection(ExtensibilityGlobals) = postSolution
		SolutionGuid = {A7B9F72C-38B8-4AAF-8D33-3379735D7D49}
	EndGlobalSection
EndGlobal
